
Microsoft Visual Studio Solution File, Format Version 12.00
# Visual Studio 15
VisualStudioVersion = 15.0.27130.2036
MinimumVisualStudioVersion = 10.0.40219.1
Project("{FAE04EC0-301F-11D3-BF4B-00C04F79EFBC}") = "NIR4CalibrationEditorMethods", "NIR4CalibrationEditorMethods\NIR4CalibrationEditorMethods.csproj", "{683C8917-A6B3-47FE-A837-D8F27F29DE94}"
EndProject
Project("{FAE04EC0-301F-11D3-BF4B-00C04F79EFBC}") = "WPFCalibrationFileEditor", "WPFCalibrationFileEditor\WPFCalibrationFileEditor.csproj", "{4C92D799-D613-4C65-A1EF-D60197C81EAA}"
EndProject
Project("{FAE04EC0-301F-11D3-BF4B-00C04F79EFBC}") = "NIR4CalibrationEditorMethods.UnitTests", "NIR4CalibrationEditorMethods.UnitTests\NIR4CalibrationEditorMethods.UnitTests.csproj", "{D51B0BC0-781A-4D00-807C-6F6E3410A8ED}"
EndProject
Project("{FAE04EC0-301F-11D3-BF4B-00C04F79EFBC}") = "WPFCalibrationFileEditor.UnitTests", "WPFCalibrationFileEditor.UnitTests\WPFCalibrationFileEditor.UnitTests.csproj", "{3CABA2D7-F8D2-4975-84F1-2CFE097AE77C}"
EndProject
Global
	GlobalSection(SolutionConfigurationPlatforms) = preSolution
		Debug|Any CPU = Debug|Any CPU
		Release|Any CPU = Release|Any CPU
	EndGlobalSection
	GlobalSection(ProjectConfigurationPlatforms) = postSolution
		{683C8917-A6B3-47FE-A837-D8F27F29DE94}.Debug|Any CPU.ActiveCfg = Debug|Any CPU
		{683C8917-A6B3-47FE-A837-D8F27F29DE94}.Debug|Any CPU.Build.0 = Debug|Any CPU
		{683C8917-A6B3-47FE-A837-D8F27F29DE94}.Release|Any CPU.ActiveCfg = Release|Any CPU
		{683C8917-A6B3-47FE-A837-D8F27F29DE94}.Release|Any CPU.Build.0 = Release|Any CPU
		{4C92D799-D613-4C65-A1EF-D60197C81EAA}.Debug|Any CPU.ActiveCfg = Debug|Any CPU
		{4C92D799-D613-4C65-A1EF-D60197C81EAA}.Debug|Any CPU.Build.0 = Debug|Any CPU
		{4C92D799-D613-4C65-A1EF-D60197C81EAA}.Release|Any CPU.ActiveCfg = Release|Any CPU
		{4C92D799-D613-4C65-A1EF-D60197C81EAA}.Release|Any CPU.Build.0 = Release|Any CPU
		{D51B0BC0-781A-4D00-807C-6F6E3410A8ED}.Debug|Any CPU.ActiveCfg = Debug|Any CPU
		{D51B0BC0-781A-4D00-807C-6F6E3410A8ED}.Debug|Any CPU.Build.0 = Debug|Any CPU
		{D51B0BC0-781A-4D00-807C-6F6E3410A8ED}.Release|Any CPU.ActiveCfg = Release|Any CPU
		{D51B0BC0-781A-4D00-807C-6F6E3410A8ED}.Release|Any CPU.Build.0 = Release|Any CPU
		{3CABA2D7-F8D2-4975-84F1-2CFE097AE77C}.Debug|Any CPU.ActiveCfg = Debug|Any CPU
		{3CABA2D7-F8D2-4975-84F1-2CFE097AE77C}.Debug|Any CPU.Build.0 = Debug|Any CPU
		{3CABA2D7-F8D2-4975-84F1-2CFE097AE77C}.Release|Any CPU.ActiveCfg = Release|Any CPU
		{3CABA2D7-F8D2-4975-84F1-2CFE097AE77C}.Release|Any CPU.Build.0 = Release|Any CPU
	EndGlobalSection
	GlobalSection(SolutionProperties) = preSolution
		HideSolutionNode = FALSE
	EndGlobalSection
	GlobalSection(ExtensibilityGlobals) = postSolution
		SolutionGuid = {70C7C085-E53A-417A-B9BA-9F38CC7FA222}
	EndGlobalSection
EndGlobal
